
Microsoft Visual Studio Solution File, Format Version 12.00
# Visual Studio 15
VisualStudioVersion = 15.0.26228.4
MinimumVisualStudioVersion = 10.0.40219.1
Project("{FAE04EC0-301F-11D3-BF4B-00C04F79EFBC}") = "TheStudyList", "TheStudyList\TheStudyList.csproj", "{8A06F22A-7390-443F-9058-1F5ACED7D685}"
EndProject
Project("{FAE04EC0-301F-11D3-BF4B-00C04F79EFBC}") = "TheStudyList.Tests", "TheStudyList.Tests\TheStudyList.Tests.csproj", "{AB3C57A8-1BC5-44B7-8600-E39050DB147B}"
EndProject
Project("{FAE04EC0-301F-11D3-BF4B-00C04F79EFBC}") = "TheStudyList.Domain", "TheStudyList.Domain\TheStudyList.Domain.csproj", "{6789A3E7-58EB-4E2B-A19C-9C578C443052}"
EndProject
Global
	GlobalSection(SolutionConfigurationPlatforms) = preSolution
		Debug|Any CPU = Debug|Any CPU
		Release|Any CPU = Release|Any CPU
	EndGlobalSection
	GlobalSection(ProjectConfigurationPlatforms) = postSolution
		{8A06F22A-7390-443F-9058-1F5ACED7D685}.Debug|Any CPU.ActiveCfg = Debug|Any CPU
		{8A06F22A-7390-443F-9058-1F5ACED7D685}.Debug|Any CPU.Build.0 = Debug|Any CPU
		{8A06F22A-7390-443F-9058-1F5ACED7D685}.Release|Any CPU.ActiveCfg = Release|Any CPU
		{8A06F22A-7390-443F-9058-1F5ACED7D685}.Release|Any CPU.Build.0 = Release|Any CPU
		{AB3C57A8-1BC5-44B7-8600-E39050DB147B}.Debug|Any CPU.ActiveCfg = Debug|Any CPU
		{AB3C57A8-1BC5-44B7-8600-E39050DB147B}.Debug|Any CPU.Build.0 = Debug|Any CPU
		{AB3C57A8-1BC5-44B7-8600-E39050DB147B}.Release|Any CPU.ActiveCfg = Release|Any CPU
		{AB3C57A8-1BC5-44B7-8600-E39050DB147B}.Release|Any CPU.Build.0 = Release|Any CPU
		{6789A3E7-58EB-4E2B-A19C-9C578C443052}.Debug|Any CPU.ActiveCfg = Debug|Any CPU
		{6789A3E7-58EB-4E2B-A19C-9C578C443052}.Debug|Any CPU.Build.0 = Debug|Any CPU
		{6789A3E7-58EB-4E2B-A19C-9C578C443052}.Release|Any CPU.ActiveCfg = Release|Any CPU
		{6789A3E7-58EB-4E2B-A19C-9C578C443052}.Release|Any CPU.Build.0 = Release|Any CPU
	EndGlobalSection
	GlobalSection(SolutionProperties) = preSolution
		HideSolutionNode = FALSE
	EndGlobalSection
EndGlobal
